// !$*UTF8*$!
{
	archiveVersion = 1;
	classes = {
	};
	objectVersion = 77;
	objects = {

/* Begin PBXBuildFile section */
		9F62FADD2EF232670013FB91 /* WidgetKit.framework in Frameworks */ = {isa = PBXBuildFile; fileRef = 9F62FADC2EF232670013FB91 /* WidgetKit.framework */; };
		9F62FADF2EF232670013FB91 /* SwiftUI.framework in Frameworks */ = {isa = PBXBuildFile; fileRef = 9F62FADE2EF232670013FB91 /* SwiftUI.framework */; };
		9F62FAF02EF232670013FB91 /* FiniteWidgetExtension.appex in Embed Foundation Extensions */ = {isa = PBXBuildFile; fileRef = 9F62FADA2EF232670013FB91 /* FiniteWidgetExtension.appex */; settings = {ATTRIBUTES = (RemoveHeadersOnCopy, ); }; };
/* End PBXBuildFile section */

/* Begin PBXContainerItemProxy section */
		9F04E9672EF0C1A90068B368 /* PBXContainerItemProxy */ = {
			isa = PBXContainerItemProxy;
			containerPortal = 9F04E94F2EF0C1A80068B368 /* Project object */;
			proxyType = 1;
			remoteGlobalIDString = 9F04E9562EF0C1A80068B368;
			remoteInfo = Finite;
		};
		9F04E9712EF0C1A90068B368 /* PBXContainerItemProxy */ = {
			isa = PBXContainerItemProxy;
			containerPortal = 9F04E94F2EF0C1A80068B368 /* Project object */;
			proxyType = 1;
			remoteGlobalIDString = 9F04E9562EF0C1A80068B368;
			remoteInfo = Finite;
		};
		9F62FAEE2EF232670013FB91 /* PBXContainerItemProxy */ = {
			isa = PBXContainerItemProxy;
			containerPortal = 9F04E94F2EF0C1A80068B368 /* Project object */;
			proxyType = 1;
			remoteGlobalIDString = 9F62FAD92EF232670013FB91;
			remoteInfo = FiniteWidgetExtension;
		};
/* End PBXContainerItemProxy section */

/* Begin PBXCopyFilesBuildPhase section */
		9F62FAF52EF232670013FB91 /* Embed Foundation Extensions */ = {
			isa = PBXCopyFilesBuildPhase;
			buildActionMask = 2147483647;
			dstPath = "";
			dstSubfolderSpec = 13;
			files = (
				9F62FAF02EF232670013FB91 /* FiniteWidgetExtension.appex in Embed Foundation Extensions */,
			);
			name = "Embed Foundation Extensions";
			runOnlyForDeploymentPostprocessing = 0;
		};
/* End PBXCopyFilesBuildPhase section */

/* Begin PBXFileReference section */
		9F04E9572EF0C1A80068B368 /* Finite.app */ = {isa = PBXFileReference; explicitFileType = wrapper.application; includeInIndex = 0; path = Finite.app; sourceTree = BUILT_PRODUCTS_DIR; };
		9F04E9662EF0C1A90068B368 /* FiniteTests.xctest */ = {isa = PBXFileReference; explicitFileType = wrapper.cfbundle; includeInIndex = 0; path = FiniteTests.xctest; sourceTree = BUILT_PRODUCTS_DIR; };
		9F04E9702EF0C1A90068B368 /* FiniteUITests.xctest */ = {isa = PBXFileReference; explicitFileType = wrapper.cfbundle; includeInIndex = 0; path = FiniteUITests.xctest; sourceTree = BUILT_PRODUCTS_DIR; };
		9F62FADA2EF232670013FB91 /* FiniteWidgetExtension.appex */ = {isa = PBXFileReference; explicitFileType = "wrapper.app-extension"; includeInIndex = 0; path = FiniteWidgetExtension.appex; sourceTree = BUILT_PRODUCTS_DIR; };
		9F62FADC2EF232670013FB91 /* WidgetKit.framework */ = {isa = PBXFileReference; lastKnownFileType = wrapper.framework; name = WidgetKit.framework; path = System/Library/Frameworks/WidgetKit.framework; sourceTree = SDKROOT; };
		9F62FADE2EF232670013FB91 /* SwiftUI.framework */ = {isa = PBXFileReference; lastKnownFileType = wrapper.framework; name = SwiftUI.framework; path = System/Library/Frameworks/SwiftUI.framework; sourceTree = SDKROOT; };
		9F62FAF92EF2333C0013FB91 /* FiniteWidgetExtension.entitlements */ = {isa = PBXFileReference; lastKnownFileType = text.plist.entitlements; path = FiniteWidgetExtension.entitlements; sourceTree = "<group>"; };
/* End PBXFileReference section */

/* Begin PBXFileSystemSynchronizedBuildFileExceptionSet section */
		9F62FAF12EF232670013FB91 /* Exceptions for "FiniteWidget" folder in "FiniteWidgetExtension" target */ = {
			isa = PBXFileSystemSynchronizedBuildFileExceptionSet;
			membershipExceptions = (
				Info.plist,
			);
			target = 9F62FAD92EF232670013FB91 /* FiniteWidgetExtension */;
		};
/* End PBXFileSystemSynchronizedBuildFileExceptionSet section */

/* Begin PBXFileSystemSynchronizedRootGroup section */
		9F04E9592EF0C1A80068B368 /* Finite */ = {
			isa = PBXFileSystemSynchronizedRootGroup;
			path = Finite;
			sourceTree = "<group>";
		};
		9F04E9692EF0C1A90068B368 /* FiniteTests */ = {
			isa = PBXFileSystemSynchronizedRootGroup;
			path = FiniteTests;
			sourceTree = "<group>";
		};
		9F04E9732EF0C1A90068B368 /* FiniteUITests */ = {
			isa = PBXFileSystemSynchronizedRootGroup;
			path = FiniteUITests;
			sourceTree = "<group>";
		};
		9F62FAE02EF232670013FB91 /* FiniteWidget */ = {
			isa = PBXFileSystemSynchronizedRootGroup;
			exceptions = (
				9F62FAF12EF232670013FB91 /* Exceptions for "FiniteWidget" folder in "FiniteWidgetExtension" target */,
			);
			path = FiniteWidget;
			sourceTree = "<group>";
		};
/* End PBXFileSystemSynchronizedRootGroup section */

/* Begin PBXFrameworksBuildPhase section */
		9F04E9542EF0C1A80068B368 /* Frameworks */ = {
			isa = PBXFrameworksBuildPhase;
			buildActionMask = 2147483647;
			files = (
			);
			runOnlyForDeploymentPostprocessing = 0;
		};
		9F04E9632EF0C1A90068B368 /* Frameworks */ = {
			isa = PBXFrameworksBuildPhase;
			buildActionMask = 2147483647;
			files = (
			);
			runOnlyForDeploymentPostprocessing = 0;
		};
		9F04E96D2EF0C1A90068B368 /* Frameworks */ = {
			isa = PBXFrameworksBuildPhase;
			buildActionMask = 2147483647;
			files = (
			);
			runOnlyForDeploymentPostprocessing = 0;
		};
		9F62FAD72EF232670013FB91 /* Frameworks */ = {
			isa = PBXFrameworksBuildPhase;
			buildActionMask = 2147483647;
			files = (
				9F62FADF2EF232670013FB91 /* SwiftUI.framework in Frameworks */,
				9F62FADD2EF232670013FB91 /* WidgetKit.framework in Frameworks */,
			);
			runOnlyForDeploymentPostprocessing = 0;
		};
/* End PBXFrameworksBuildPhase section */

/* Begin PBXGroup section */
		9F04E94E2EF0C1A80068B368 = {
			isa = PBXGroup;
			children = (
				9F62FAF92EF2333C0013FB91 /* FiniteWidgetExtension.entitlements */,
				9F04E9592EF0C1A80068B368 /* Finite */,
				9F04E9692EF0C1A90068B368 /* FiniteTests */,
				9F04E9732EF0C1A90068B368 /* FiniteUITests */,
				9F62FAE02EF232670013FB91 /* FiniteWidget */,
				9F62FADB2EF232670013FB91 /* Frameworks */,
				9F04E9582EF0C1A80068B368 /* Products */,
			);
			sourceTree = "<group>";
		};
		9F04E9582EF0C1A80068B368 /* Products */ = {
			isa = PBXGroup;
			children = (
				9F04E9572EF0C1A80068B368 /* Finite.app */,
				9F04E9662EF0C1A90068B368 /* FiniteTests.xctest */,
				9F04E9702EF0C1A90068B368 /* FiniteUITests.xctest */,
				9F62FADA2EF232670013FB91 /* FiniteWidgetExtension.appex */,
			);
			name = Products;
			sourceTree = "<group>";
		};
		9F62FADB2EF232670013FB91 /* Frameworks */ = {
			isa = PBXGroup;
			children = (
				9F62FADC2EF232670013FB91 /* WidgetKit.framework */,
				9F62FADE2EF232670013FB91 /* SwiftUI.framework */,
			);
			name = Frameworks;
			sourceTree = "<group>";
		};
/* End PBXGroup section */

/* Begin PBXNativeTarget section */
		9F04E9562EF0C1A80068B368 /* Finite */ = {
			isa = PBXNativeTarget;
			buildConfigurationList = 9F04E97A2EF0C1A90068B368 /* Build configuration list for PBXNativeTarget "Finite" */;
			buildPhases = (
				9F04E9532EF0C1A80068B368 /* Sources */,
				9F04E9542EF0C1A80068B368 /* Frameworks */,
				9F04E9552EF0C1A80068B368 /* Resources */,
				9F62FAF52EF232670013FB91 /* Embed Foundation Extensions */,
			);
			buildRules = (
			);
			dependencies = (
				9F62FAEF2EF232670013FB91 /* PBXTargetDependency */,
			);
			fileSystemSynchronizedGroups = (
				9F04E9592EF0C1A80068B368 /* Finite */,
			);
			name = Finite;
			packageProductDependencies = (
			);
			productName = Finite;
			productReference = 9F04E9572EF0C1A80068B368 /* Finite.app */;
			productType = "com.apple.product-type.application";
		};
		9F04E9652EF0C1A90068B368 /* FiniteTests */ = {
			isa = PBXNativeTarget;
			buildConfigurationList = 9F04E97D2EF0C1A90068B368 /* Build configuration list for PBXNativeTarget "FiniteTests" */;
			buildPhases = (
				9F04E9622EF0C1A90068B368 /* Sources */,
				9F04E9632EF0C1A90068B368 /* Frameworks */,
				9F04E9642EF0C1A90068B368 /* Resources */,
			);
			buildRules = (
			);
			dependencies = (
				9F04E9682EF0C1A90068B368 /* PBXTargetDependency */,
			);
			fileSystemSynchronizedGroups = (
				9F04E9692EF0C1A90068B368 /* FiniteTests */,
			);
			name = FiniteTests;
			packageProductDependencies = (
			);
			productName = FiniteTests;
			productReference = 9F04E9662EF0C1A90068B368 /* FiniteTests.xctest */;
			productType = "com.apple.product-type.bundle.unit-test";
		};
		9F04E96F2EF0C1A90068B368 /* FiniteUITests */ = {
			isa = PBXNativeTarget;
			buildConfigurationList = 9F04E9802EF0C1A90068B368 /* Build configuration list for PBXNativeTarget "FiniteUITests" */;
			buildPhases = (
				9F04E96C2EF0C1A90068B368 /* Sources */,
				9F04E96D2EF0C1A90068B368 /* Frameworks */,
				9F04E96E2EF0C1A90068B368 /* Resources */,
			);
			buildRules = (
			);
			dependencies = (
				9F04E9722EF0C1A90068B368 /* PBXTargetDependency */,
			);
			fileSystemSynchronizedGroups = (
				9F04E9732EF0C1A90068B368 /* FiniteUITests */,
			);
			name = FiniteUITests;
			packageProductDependencies = (
			);
			productName = FiniteUITests;
			productReference = 9F04E9702EF0C1A90068B368 /* FiniteUITests.xctest */;
			productType = "com.apple.product-type.bundle.ui-testing";
		};
		9F62FAD92EF232670013FB91 /* FiniteWidgetExtension */ = {
			isa = PBXNativeTarget;
			buildConfigurationList = 9F62FAF22EF232670013FB91 /* Build configuration list for PBXNativeTarget "FiniteWidgetExtension" */;
			buildPhases = (
				9F62FAD62EF232670013FB91 /* Sources */,
				9F62FAD72EF232670013FB91 /* Frameworks */,
				9F62FAD82EF232670013FB91 /* Resources */,
			);
			buildRules = (
			);
			dependencies = (
			);
			fileSystemSynchronizedGroups = (
				9F62FAE02EF232670013FB91 /* FiniteWidget */,
			);
			name = FiniteWidgetExtension;
			packageProductDependencies = (
			);
			productName = FiniteWidgetExtension;
			productReference = 9F62FADA2EF232670013FB91 /* FiniteWidgetExtension.appex */;
			productType = "com.apple.product-type.app-extension";
		};
/* End PBXNativeTarget section */

/* Begin PBXProject section */
		9F04E94F2EF0C1A80068B368 /* Project object */ = {
			isa = PBXProject;
			attributes = {
				BuildIndependentTargetsInParallel = 1;
				LastSwiftUpdateCheck = 1640;
				LastUpgradeCheck = 1640;
				TargetAttributes = {
					9F04E9562EF0C1A80068B368 = {
						CreatedOnToolsVersion = 16.4;
					};
					9F04E9652EF0C1A90068B368 = {
						CreatedOnToolsVersion = 16.4;
						TestTargetID = 9F04E9562EF0C1A80068B368;
					};
					9F04E96F2EF0C1A90068B368 = {
						CreatedOnToolsVersion = 16.4;
						TestTargetID = 9F04E9562EF0C1A80068B368;
					};
					9F62FAD92EF232670013FB91 = {
						CreatedOnToolsVersion = 16.4;
					};
				};
			};
			buildConfigurationList = 9F04E9522EF0C1A80068B368 /* Build configuration list for PBXProject "Finite" */;
			developmentRegion = en;
			hasScannedForEncodings = 0;
			knownRegions = (
				en,
				Base,
			);
			mainGroup = 9F04E94E2EF0C1A80068B368;
			minimizedProjectReferenceProxies = 1;
			preferredProjectObjectVersion = 77;
			productRefGroup = 9F04E9582EF0C1A80068B368 /* Products */;
			projectDirPath = "";
			projectRoot = "";
			targets = (
				9F04E9562EF0C1A80068B368 /* Finite */,
				9F04E9652EF0C1A90068B368 /* FiniteTests */,
				9F04E96F2EF0C1A90068B368 /* FiniteUITests */,
				9F62FAD92EF232670013FB91 /* FiniteWidgetExtension */,
			);
		};
/* End PBXProject section */

/* Begin PBXResourcesBuildPhase section */
		9F04E9552EF0C1A80068B368 /* Resources */ = {
			isa = PBXResourcesBuildPhase;
			buildActionMask = 2147483647;
			files = (
			);
			runOnlyForDeploymentPostprocessing = 0;
		};
		9F04E9642EF0C1A90068B368 /* Resources */ = {
			isa = PBXResourcesBuildPhase;
			buildActionMask = 2147483647;
			files = (
			);
			runOnlyForDeploymentPostprocessing = 0;
		};
		9F04E96E2EF0C1A90068B368 /* Resources */ = {
			isa = PBXResourcesBuildPhase;
			buildActionMask = 2147483647;
			files = (
			);
			runOnlyForDeploymentPostprocessing = 0;
		};
		9F62FAD82EF232670013FB91 /* Resources */ = {
			isa = PBXResourcesBuildPhase;
			buildActionMask = 2147483647;
			files = (
			);
			runOnlyForDeploymentPostprocessing = 0;
		};
/* End PBXResourcesBuildPhase section */

/* Begin PBXSourcesBuildPhase section */
		9F04E9532EF0C1A80068B368 /* Sources */ = {
			isa = PBXSourcesBuildPhase;
			buildActionMask = 2147483647;
			files = (
			);
			runOnlyForDeploymentPostprocessing = 0;
		};
		9F04E9622EF0C1A90068B368 /* Sources */ = {
			isa = PBXSourcesBuildPhase;
			buildActionMask = 2147483647;
			files = (
			);
			runOnlyForDeploymentPostprocessing = 0;
		};
		9F04E96C2EF0C1A90068B368 /* Sources */ = {
			isa = PBXSourcesBuildPhase;
			buildActionMask = 2147483647;
			files = (
			);
			runOnlyForDeploymentPostprocessing = 0;
		};
		9F62FAD62EF232670013FB91 /* Sources */ = {
			isa = PBXSourcesBuildPhase;
			buildActionMask = 2147483647;
			files = (
			);
			runOnlyForDeploymentPostprocessing = 0;
		};
/* End PBXSourcesBuildPhase section */

/* Begin PBXTargetDependency section */
		9F04E9682EF0C1A90068B368 /* PBXTargetDependency */ = {
			isa = PBXTargetDependency;
			target = 9F04E9562EF0C1A80068B368 /* Finite */;
			targetProxy = 9F04E9672EF0C1A90068B368 /* PBXContainerItemProxy */;
		};
		9F04E9722EF0C1A90068B368 /* PBXTargetDependency */ = {
			isa = PBXTargetDependency;
			target = 9F04E9562EF0C1A80068B368 /* Finite */;
			targetProxy = 9F04E9712EF0C1A90068B368 /* PBXContainerItemProxy */;
		};
		9F62FAEF2EF232670013FB91 /* PBXTargetDependency */ = {
			isa = PBXTargetDependency;
			target = 9F62FAD92EF232670013FB91 /* FiniteWidgetExtension */;
			targetProxy = 9F62FAEE2EF232670013FB91 /* PBXContainerItemProxy */;
		};
/* End PBXTargetDependency section */

/* Begin XCBuildConfiguration section */
		9F04E9782EF0C1A90068B368 /* Debug */ = {
			isa = XCBuildConfiguration;
			buildSettings = {
				ALWAYS_SEARCH_USER_PATHS = NO;
				ASSETCATALOG_COMPILER_GENERATE_SWIFT_ASSET_SYMBOL_EXTENSIONS = YES;
				CLANG_ANALYZER_NONNULL = YES;
				CLANG_ANALYZER_NUMBER_OBJECT_CONVERSION = YES_AGGRESSIVE;
				CLANG_CXX_LANGUAGE_STANDARD = "gnu++20";
				CLANG_ENABLE_MODULES = YES;
				CLANG_ENABLE_OBJC_ARC = YES;
				CLANG_ENABLE_OBJC_WEAK = YES;
				CLANG_WARN_BLOCK_CAPTURE_AUTORELEASING = YES;
				CLANG_WARN_BOOL_CONVERSION = YES;
				CLANG_WARN_COMMA = YES;
				CLANG_WARN_CONSTANT_CONVERSION = YES;
				CLANG_WARN_DEPRECATED_OBJC_IMPLEMENTATIONS = YES;
				CLANG_WARN_DIRECT_OBJC_ISA_USAGE = YES_ERROR;
				CLANG_WARN_DOCUMENTATION_COMMENTS = YES;
				CLANG_WARN_EMPTY_BODY = YES;
				CLANG_WARN_ENUM_CONVERSION = YES;
				CLANG_WARN_INFINITE_RECURSION = YES;
				CLANG_WARN_INT_CONVERSION = YES;
				CLANG_WARN_NON_LITERAL_NULL_CONVERSION = YES;
				CLANG_WARN_OBJC_IMPLICIT_RETAIN_SELF = YES;
				CLANG_WARN_OBJC_LITERAL_CONVERSION = YES;
				CLANG_WARN_OBJC_ROOT_CLASS = YES_ERROR;
				CLANG_WARN_QUOTED_INCLUDE_IN_FRAMEWORK_HEADER = YES;
				CLANG_WARN_RANGE_LOOP_ANALYSIS = YES;
				CLANG_WARN_STRICT_PROTOTYPES = YES;
				CLANG_WARN_SUSPICIOUS_MOVE = YES;
				CLANG_WARN_UNGUARDED_AVAILABILITY = YES_AGGRESSIVE;
				CLANG_WARN_UNREACHABLE_CODE = YES;
				CLANG_WARN__DUPLICATE_METHOD_MATCH = YES;
				COPY_PHASE_STRIP = NO;
				DEBUG_INFORMATION_FORMAT = dwarf;
				DEVELOPMENT_TEAM = 5A8CQ344ZD;
				ENABLE_STRICT_OBJC_MSGSEND = YES;
				ENABLE_TESTABILITY = YES;
				ENABLE_USER_SCRIPT_SANDBOXING = YES;
				GCC_C_LANGUAGE_STANDARD = gnu17;
				GCC_DYNAMIC_NO_PIC = NO;
				GCC_NO_COMMON_BLOCKS = YES;
				GCC_OPTIMIZATION_LEVEL = 0;
				GCC_PREPROCESSOR_DEFINITIONS = (
					"DEBUG=1",
					"$(inherited)",
				);
				GCC_WARN_64_TO_32_BIT_CONVERSION = YES;
				GCC_WARN_ABOUT_RETURN_TYPE = YES_ERROR;
				GCC_WARN_UNDECLARED_SELECTOR = YES;
				GCC_WARN_UNINITIALIZED_AUTOS = YES_AGGRESSIVE;
				GCC_WARN_UNUSED_FUNCTION = YES;
				GCC_WARN_UNUSED_VARIABLE = YES;
				IPHONEOS_DEPLOYMENT_TARGET = 18.5;
				LOCALIZATION_PREFERS_STRING_CATALOGS = YES;
				MTL_ENABLE_DEBUG_INFO = INCLUDE_SOURCE;
				MTL_FAST_MATH = YES;
				ONLY_ACTIVE_ARCH = YES;
				SDKROOT = iphoneos;
				SWIFT_ACTIVE_COMPILATION_CONDITIONS = "DEBUG $(inherited)";
				SWIFT_OPTIMIZATION_LEVEL = "-Onone";
			};
			name = Debug;
		};
		9F04E9792EF0C1A90068B368 /* Release */ = {
			isa = XCBuildConfiguration;
			buildSettings = {
				ALWAYS_SEARCH_USER_PATHS = NO;
				ASSETCATALOG_COMPILER_GENERATE_SWIFT_ASSET_SYMBOL_EXTENSIONS = YES;
				CLANG_ANALYZER_NONNULL = YES;
				CLANG_ANALYZER_NUMBER_OBJECT_CONVERSION = YES_AGGRESSIVE;
				CLANG_CXX_LANGUAGE_STANDARD = "gnu++20";
				CLANG_ENABLE_MODULES = YES;
				CLANG_ENABLE_OBJC_ARC = YES;
				CLANG_ENABLE_OBJC_WEAK = YES;
				CLANG_WARN_BLOCK_CAPTURE_AUTORELEASING = YES;
				CLANG_WARN_BOOL_CONVERSION = YES;
				CLANG_WARN_COMMA = YES;
				CLANG_WARN_CONSTANT_CONVERSION = YES;
				CLANG_WARN_DEPRECATED_OBJC_IMPLEMENTATIONS = YES;
				CLANG_WARN_DIRECT_OBJC_ISA_USAGE = YES_ERROR;
				CLANG_WARN_DOCUMENTATION_COMMENTS = YES;
				CLANG_WARN_EMPTY_BODY = YES;
				CLANG_WARN_ENUM_CONVERSION = YES;
				CLANG_WARN_INFINITE_RECURSION = YES;
				CLANG_WARN_INT_CONVERSION = YES;
				CLANG_WARN_NON_LITERAL_NULL_CONVERSION = YES;
				CLANG_WARN_OBJC_IMPLICIT_RETAIN_SELF = YES;
				CLANG_WARN_OBJC_LITERAL_CONVERSION = YES;
				CLANG_WARN_OBJC_ROOT_CLASS = YES_ERROR;
				CLANG_WARN_QUOTED_INCLUDE_IN_FRAMEWORK_HEADER = YES;
				CLANG_WARN_RANGE_LOOP_ANALYSIS = YES;
				CLANG_WARN_STRICT_PROTOTYPES = YES;
				CLANG_WARN_SUSPICIOUS_MOVE = YES;
				CLANG_WARN_UNGUARDED_AVAILABILITY = YES_AGGRESSIVE;
				CLANG_WARN_UNREACHABLE_CODE = YES;
				CLANG_WARN__DUPLICATE_METHOD_MATCH = YES;
				COPY_PHASE_STRIP = NO;
				DEBUG_INFORMATION_FORMAT = "dwarf-with-dsym";
				DEVELOPMENT_TEAM = 5A8CQ344ZD;
				ENABLE_NS_ASSERTIONS = NO;
				ENABLE_STRICT_OBJC_MSGSEND = YES;
				ENABLE_USER_SCRIPT_SANDBOXING = YES;
				GCC_C_LANGUAGE_STANDARD = gnu17;
				GCC_NO_COMMON_BLOCKS = YES;
				GCC_WARN_64_TO_32_BIT_CONVERSION = YES;
				GCC_WARN_ABOUT_RETURN_TYPE = YES_ERROR;
				GCC_WARN_UNDECLARED_SELECTOR = YES;
				GCC_WARN_UNINITIALIZED_AUTOS = YES_AGGRESSIVE;
				GCC_WARN_UNUSED_FUNCTION = YES;
				GCC_WARN_UNUSED_VARIABLE = YES;
				IPHONEOS_DEPLOYMENT_TARGET = 18.5;
				LOCALIZATION_PREFERS_STRING_CATALOGS = YES;
				MTL_ENABLE_DEBUG_INFO = NO;
				MTL_FAST_MATH = YES;
				SDKROOT = iphoneos;
				SWIFT_COMPILATION_MODE = wholemodule;
				VALIDATE_PRODUCT = YES;
			};
			name = Release;
		};
		9F04E97B2EF0C1A90068B368 /* Debug */ = {
			isa = XCBuildConfiguration;
			buildSettings = {
				ASSETCATALOG_COMPILER_APPICON_NAME = AppIcon;
				ASSETCATALOG_COMPILER_GLOBAL_ACCENT_COLOR_NAME = AccentColor;
				CODE_SIGN_ENTITLEMENTS = Finite/Finite.entitlements;
				CODE_SIGN_STYLE = Automatic;
				CURRENT_PROJECT_VERSION = 1;
				DEVELOPMENT_TEAM = 5A8CQ344ZD;
				ENABLE_PREVIEWS = YES;
				GENERATE_INFOPLIST_FILE = YES;
				INFOPLIST_KEY_UIApplicationSceneManifest_Generation = YES;
				INFOPLIST_KEY_UIApplicationSupportsIndirectInputEvents = YES;
				INFOPLIST_KEY_UILaunchScreen_Generation = YES;
				INFOPLIST_KEY_UISupportedInterfaceOrientations_iPad = "UIInterfaceOrientationPortrait UIInterfaceOrientationPortraitUpsideDown UIInterfaceOrientationLandscapeLeft UIInterfaceOrientationLandscapeRight";
				INFOPLIST_KEY_UISupportedInterfaceOrientations_iPhone = "UIInterfaceOrientationPortrait UIInterfaceOrientationLandscapeLeft UIInterfaceOrientationLandscapeRight";
				LD_RUNPATH_SEARCH_PATHS = (
					"$(inherited)",
					"@executable_path/Frameworks",
				);
				MARKETING_VERSION = 1.0;
				PRODUCT_BUNDLE_IDENTIFIER = com.jwalakompalli.Finite;
				PRODUCT_NAME = "$(TARGET_NAME)";
				SWIFT_EMIT_LOC_STRINGS = YES;
				SWIFT_VERSION = 5.0;
				TARGETED_DEVICE_FAMILY = "1,2";
			};
			name = Debug;
		};
		9F04E97C2EF0C1A90068B368 /* Release */ = {
			isa = XCBuildConfiguration;
			buildSettings = {
				ASSETCATALOG_COMPILER_APPICON_NAME = AppIcon;
				ASSETCATALOG_COMPILER_GLOBAL_ACCENT_COLOR_NAME = AccentColor;
				CODE_SIGN_ENTITLEMENTS = Finite/Finite.entitlements;
				CODE_SIGN_STYLE = Automatic;
				CURRENT_PROJECT_VERSION = 1;
				DEVELOPMENT_TEAM = 5A8CQ344ZD;
				ENABLE_PREVIEWS = YES;
				GENERATE_INFOPLIST_FILE = YES;
				INFOPLIST_KEY_UIApplicationSceneManifest_Generation = YES;
				INFOPLIST_KEY_UIApplicationSupportsIndirectInputEvents = YES;
				INFOPLIST_KEY_UILaunchScreen_Generation = YES;
				INFOPLIST_KEY_UISupportedInterfaceOrientations_iPad = "UIInterfaceOrientationPortrait UIInterfaceOrientationPortraitUpsideDown UIInterfaceOrientationLandscapeLeft UIInterfaceOrientationLandscapeRight";
				INFOPLIST_KEY_UISupportedInterfaceOrientations_iPhone = "UIInterfaceOrientationPortrait UIInterfaceOrientationLandscapeLeft UIInterfaceOrientationLandscapeRight";
				LD_RUNPATH_SEARCH_PATHS = (
					"$(inherited)",
					"@executable_path/Frameworks",
				);
				MARKETING_VERSION = 1.0;
				PRODUCT_BUNDLE_IDENTIFIER = com.jwalakompalli.Finite;
				PRODUCT_NAME = "$(TARGET_NAME)";
				SWIFT_EMIT_LOC_STRINGS = YES;
				SWIFT_VERSION = 5.0;
				TARGETED_DEVICE_FAMILY = "1,2";
			};
			name = Release;
		};
		9F04E97E2EF0C1A90068B368 /* Debug */ = {
			isa = XCBuildConfiguration;
			buildSettings = {
				BUNDLE_LOADER = "$(TEST_HOST)";
				CODE_SIGN_STYLE = Automatic;
				CURRENT_PROJECT_VERSION = 1;
				DEVELOPMENT_TEAM = 5A8CQ344ZD;
				GENERATE_INFOPLIST_FILE = YES;
				IPHONEOS_DEPLOYMENT_TARGET = 18.5;
				MARKETING_VERSION = 1.0;
				PRODUCT_BUNDLE_IDENTIFIER = com.jwalakompalli.FiniteTests;
				PRODUCT_NAME = "$(TARGET_NAME)";
				SWIFT_EMIT_LOC_STRINGS = NO;
				SWIFT_VERSION = 5.0;
				TARGETED_DEVICE_FAMILY = "1,2";
				TEST_HOST = "$(BUILT_PRODUCTS_DIR)/Finite.app/$(BUNDLE_EXECUTABLE_FOLDER_PATH)/Finite";
			};
			name = Debug;
		};
		9F04E97F2EF0C1A90068B368 /* Release */ = {
			isa = XCBuildConfiguration;
			buildSettings = {
				BUNDLE_LOADER = "$(TEST_HOST)";
				CODE_SIGN_STYLE = Automatic;
				CURRENT_PROJECT_VERSION = 1;
				DEVELOPMENT_TEAM = 5A8CQ344ZD;
				GENERATE_INFOPLIST_FILE = YES;
				IPHONEOS_DEPLOYMENT_TARGET = 18.5;
				MARKETING_VERSION = 1.0;
				PRODUCT_BUNDLE_IDENTIFIER = com.jwalakompalli.FiniteTests;
				PRODUCT_NAME = "$(TARGET_NAME)";
				SWIFT_EMIT_LOC_STRINGS = NO;
				SWIFT_VERSION = 5.0;
				TARGETED_DEVICE_FAMILY = "1,2";
				TEST_HOST = "$(BUILT_PRODUCTS_DIR)/Finite.app/$(BUNDLE_EXECUTABLE_FOLDER_PATH)/Finite";
			};
			name = Release;
		};
		9F04E9812EF0C1A90068B368 /* Debug */ = {
			isa = XCBuildConfiguration;
			buildSettings = {
				CODE_SIGN_STYLE = Automatic;
				CURRENT_PROJECT_VERSION = 1;
				DEVELOPMENT_TEAM = 5A8CQ344ZD;
				GENERATE_INFOPLIST_FILE = YES;
				MARKETING_VERSION = 1.0;
				PRODUCT_BUNDLE_IDENTIFIER = com.jwalakompalli.FiniteUITests;
				PRODUCT_NAME = "$(TARGET_NAME)";
				SWIFT_EMIT_LOC_STRINGS = NO;
				SWIFT_VERSION = 5.0;
				TARGETED_DEVICE_FAMILY = "1,2";
				TEST_TARGET_NAME = Finite;
			};
			name = Debug;
		};
		9F04E9822EF0C1A90068B368 /* Release */ = {
			isa = XCBuildConfiguration;
			buildSettings = {
				CODE_SIGN_STYLE = Automatic;
				CURRENT_PROJECT_VERSION = 1;
				DEVELOPMENT_TEAM = 5A8CQ344ZD;
				GENERATE_INFOPLIST_FILE = YES;
				MARKETING_VERSION = 1.0;
				PRODUCT_BUNDLE_IDENTIFIER = com.jwalakompalli.FiniteUITests;
				PRODUCT_NAME = "$(TARGET_NAME)";
				SWIFT_EMIT_LOC_STRINGS = NO;
				SWIFT_VERSION = 5.0;
				TARGETED_DEVICE_FAMILY = "1,2";
				TEST_TARGET_NAME = Finite;
			};
			name = Release;
		};
		9F62FAF32EF232670013FB91 /* Debug */ = {
			isa = XCBuildConfiguration;
			buildSettings = {
				ASSETCATALOG_COMPILER_GLOBAL_ACCENT_COLOR_NAME = AccentColor;
				ASSETCATALOG_COMPILER_WIDGET_BACKGROUND_COLOR_NAME = WidgetBackground;
				CODE_SIGN_ENTITLEMENTS = FiniteWidgetExtension.entitlements;
				CODE_SIGN_STYLE = Automatic;
				CURRENT_PROJECT_VERSION = 1;
				DEVELOPMENT_TEAM = 5A8CQ344ZD;
				GENERATE_INFOPLIST_FILE = YES;
				INFOPLIST_FILE = FiniteWidget/Info.plist;
				INFOPLIST_KEY_CFBundleDisplayName = FiniteWidget;
				INFOPLIST_KEY_NSHumanReadableCopyright = "";
				LD_RUNPATH_SEARCH_PATHS = (
					"$(inherited)",
					"@executable_path/Frameworks",
					"@executable_path/../../Frameworks",
				);
				MARKETING_VERSION = 1.0;
				PRODUCT_BUNDLE_IDENTIFIER = com.jwalakompalli.Finite.FiniteWidget;
				PRODUCT_NAME = "$(TARGET_NAME)";
				SKIP_INSTALL = YES;
				SWIFT_EMIT_LOC_STRINGS = YES;
				SWIFT_VERSION = 5.0;
				TARGETED_DEVICE_FAMILY = "1,2";
			};
			name = Debug;
		};
		9F62FAF42EF232670013FB91 /* Release */ = {
			isa = XCBuildConfiguration;
			buildSettings = {
				ASSETCATALOG_COMPILER_GLOBAL_ACCENT_COLOR_NAME = AccentColor;
				ASSETCATALOG_COMPILER_WIDGET_BACKGROUND_COLOR_NAME = WidgetBackground;
				CODE_SIGN_ENTITLEMENTS = FiniteWidgetExtension.entitlements;
				CODE_SIGN_STYLE = Automatic;
				CURRENT_PROJECT_VERSION = 1;
				DEVELOPMENT_TEAM = 5A8CQ344ZD;
				GENERATE_INFOPLIST_FILE = YES;
				INFOPLIST_FILE = FiniteWidget/Info.plist;
				INFOPLIST_KEY_CFBundleDisplayName = FiniteWidget;
				INFOPLIST_KEY_NSHumanReadableCopyright = "";
				LD_RUNPATH_SEARCH_PATHS = (
					"$(inherited)",
					"@executable_path/Frameworks",
					"@executable_path/../../Frameworks",
				);
				MARKETING_VERSION = 1.0;
				PRODUCT_BUNDLE_IDENTIFIER = com.jwalakompalli.Finite.FiniteWidget;
				PRODUCT_NAME = "$(TARGET_NAME)";
				SKIP_INSTALL = YES;
				SWIFT_EMIT_LOC_STRINGS = YES;
				SWIFT_VERSION = 5.0;
				TARGETED_DEVICE_FAMILY = "1,2";
			};
			name = Release;
		};
/* End XCBuildConfiguration section */

/* Begin XCConfigurationList section */
		9F04E9522EF0C1A80068B368 /* Build configuration list for PBXProject "Finite" */ = {
			isa = XCConfigurationList;
			buildConfigurations = (
				9F04E9782EF0C1A90068B368 /* Debug */,
				9F04E9792EF0C1A90068B368 /* Release */,
			);
			defaultConfigurationIsVisible = 0;
			defaultConfigurationName = Release;
		};
		9F04E97A2EF0C1A90068B368 /* Build configuration list for PBXNativeTarget "Finite" */ = {
			isa = XCConfigurationList;
			buildConfigurations = (
				9F04E97B2EF0C1A90068B368 /* Debug */,
				9F04E97C2EF0C1A90068B368 /* Release */,
			);
			defaultConfigurationIsVisible = 0;
			defaultConfigurationName = Release;
		};
		9F04E97D2EF0C1A90068B368 /* Build configuration list for PBXNativeTarget "FiniteTests" */ = {
			isa = XCConfigurationList;
			buildConfigurations = (
				9F04E97E2EF0C1A90068B368 /* Debug */,
				9F04E97F2EF0C1A90068B368 /* Release */,
			);
			defaultConfigurationIsVisible = 0;
			defaultConfigurationName = Release;
		};
		9F04E9802EF0C1A90068B368 /* Build configuration list for PBXNativeTarget "FiniteUITests" */ = {
			isa = XCConfigurationList;
			buildConfigurations = (
				9F04E9812EF0C1A90068B368 /* Debug */,
				9F04E9822EF0C1A90068B368 /* Release */,
			);
			defaultConfigurationIsVisible = 0;
			defaultConfigurationName = Release;
		};
		9F62FAF22EF232670013FB91 /* Build configuration list for PBXNativeTarget "FiniteWidgetExtension" */ = {
			isa = XCConfigurationList;
			buildConfigurations = (
				9F62FAF32EF232670013FB91 /* Debug */,
				9F62FAF42EF232670013FB91 /* Release */,
			);
			defaultConfigurationIsVisible = 0;
			defaultConfigurationName = Release;
		};
/* End XCConfigurationList section */
	};
	rootObject = 9F04E94F2EF0C1A80068B368 /* Project object */;
}
